
Microsoft Visual Studio Solution File, Format Version 12.00
# Visual Studio 15
VisualStudioVersion = 15.0.26124.0
MinimumVisualStudioVersion = 15.0.26124.0
Project("{FAE04EC0-301F-11D3-BF4B-00C04F79EFBC}") = "Domain", "Domain\Domain.csproj", "{897E9642-287B-4756-8ED5-AFA98D986EB1}"
EndProject
Project("{FAE04EC0-301F-11D3-BF4B-00C04F79EFBC}") = "Persistance", "Persistance\Persistance.csproj", "{747FBE97-8E0C-414A-98C0-5300E3709018}"
EndProject
Project("{FAE04EC0-301F-11D3-BF4B-00C04F79EFBC}") = "API", "API\API.csproj", "{FB463B14-0C45-4049-B014-830235E7F208}"
EndProject
Project("{FAE04EC0-301F-11D3-BF4B-00C04F79EFBC}") = "Application", "Application\Application.csproj", "{F1F3AA24-F8CB-45DD-B64E-FAAF134B069B}"
EndProject
Project("{FAE04EC0-301F-11D3-BF4B-00C04F79EFBC}") = "Infrastructure", "Infrastructure\Infrastructure.csproj", "{2A072A25-70B1-4A82-ABCE-A69A2ADE127F}"
EndProject
Global
	GlobalSection(SolutionConfigurationPlatforms) = preSolution
		Debug|Any CPU = Debug|Any CPU
		Debug|x64 = Debug|x64
		Debug|x86 = Debug|x86
		Release|Any CPU = Release|Any CPU
		Release|x64 = Release|x64
		Release|x86 = Release|x86
	EndGlobalSection
	GlobalSection(SolutionProperties) = preSolution
		HideSolutionNode = FALSE
	EndGlobalSection
	GlobalSection(ProjectConfigurationPlatforms) = postSolution
		{897E9642-287B-4756-8ED5-AFA98D986EB1}.Debug|Any CPU.ActiveCfg = Debug|Any CPU
		{897E9642-287B-4756-8ED5-AFA98D986EB1}.Debug|Any CPU.Build.0 = Debug|Any CPU
		{897E9642-287B-4756-8ED5-AFA98D986EB1}.Debug|x64.ActiveCfg = Debug|Any CPU
		{897E9642-287B-4756-8ED5-AFA98D986EB1}.Debug|x64.Build.0 = Debug|Any CPU
		{897E9642-287B-4756-8ED5-AFA98D986EB1}.Debug|x86.ActiveCfg = Debug|Any CPU
		{897E9642-287B-4756-8ED5-AFA98D986EB1}.Debug|x86.Build.0 = Debug|Any CPU
		{897E9642-287B-4756-8ED5-AFA98D986EB1}.Release|Any CPU.ActiveCfg = Release|Any CPU
		{897E9642-287B-4756-8ED5-AFA98D986EB1}.Release|Any CPU.Build.0 = Release|Any CPU
		{897E9642-287B-4756-8ED5-AFA98D986EB1}.Release|x64.ActiveCfg = Release|Any CPU
		{897E9642-287B-4756-8ED5-AFA98D986EB1}.Release|x64.Build.0 = Release|Any CPU
		{897E9642-287B-4756-8ED5-AFA98D986EB1}.Release|x86.ActiveCfg = Release|Any CPU
		{897E9642-287B-4756-8ED5-AFA98D986EB1}.Release|x86.Build.0 = Release|Any CPU
		{747FBE97-8E0C-414A-98C0-5300E3709018}.Debug|Any CPU.ActiveCfg = Debug|Any CPU
		{747FBE97-8E0C-414A-98C0-5300E3709018}.Debug|Any CPU.Build.0 = Debug|Any CPU
		{747FBE97-8E0C-414A-98C0-5300E3709018}.Debug|x64.ActiveCfg = Debug|Any CPU
		{747FBE97-8E0C-414A-98C0-5300E3709018}.Debug|x64.Build.0 = Debug|Any CPU
		{747FBE97-8E0C-414A-98C0-5300E3709018}.Debug|x86.ActiveCfg = Debug|Any CPU
		{747FBE97-8E0C-414A-98C0-5300E3709018}.Debug|x86.Build.0 = Debug|Any CPU
		{747FBE97-8E0C-414A-98C0-5300E3709018}.Release|Any CPU.ActiveCfg = Release|Any CPU
		{747FBE97-8E0C-414A-98C0-5300E3709018}.Release|Any CPU.Build.0 = Release|Any CPU
		{747FBE97-8E0C-414A-98C0-5300E3709018}.Release|x64.ActiveCfg = Release|Any CPU
		{747FBE97-8E0C-414A-98C0-5300E3709018}.Release|x64.Build.0 = Release|Any CPU
		{747FBE97-8E0C-414A-98C0-5300E3709018}.Release|x86.ActiveCfg = Release|Any CPU
		{747FBE97-8E0C-414A-98C0-5300E3709018}.Release|x86.Build.0 = Release|Any CPU
		{FB463B14-0C45-4049-B014-830235E7F208}.Debug|Any CPU.ActiveCfg = Debug|Any CPU
		{FB463B14-0C45-4049-B014-830235E7F208}.Debug|Any CPU.Build.0 = Debug|Any CPU
		{FB463B14-0C45-4049-B014-830235E7F208}.Debug|x64.ActiveCfg = Debug|Any CPU
		{FB463B14-0C45-4049-B014-830235E7F208}.Debug|x64.Build.0 = Debug|Any CPU
		{FB463B14-0C45-4049-B014-830235E7F208}.Debug|x86.ActiveCfg = Debug|Any CPU
		{FB463B14-0C45-4049-B014-830235E7F208}.Debug|x86.Build.0 = Debug|Any CPU
		{FB463B14-0C45-4049-B014-830235E7F208}.Release|Any CPU.ActiveCfg = Release|Any CPU
		{FB463B14-0C45-4049-B014-830235E7F208}.Release|Any CPU.Build.0 = Release|Any CPU
		{FB463B14-0C45-4049-B014-830235E7F208}.Release|x64.ActiveCfg = Release|Any CPU
		{FB463B14-0C45-4049-B014-830235E7F208}.Release|x64.Build.0 = Release|Any CPU
		{FB463B14-0C45-4049-B014-830235E7F208}.Release|x86.ActiveCfg = Release|Any CPU
		{FB463B14-0C45-4049-B014-830235E7F208}.Release|x86.Build.0 = Release|Any CPU
		{F1F3AA24-F8CB-45DD-B64E-FAAF134B069B}.Debug|Any CPU.ActiveCfg = Debug|Any CPU
		{F1F3AA24-F8CB-45DD-B64E-FAAF134B069B}.Debug|Any CPU.Build.0 = Debug|Any CPU
		{F1F3AA24-F8CB-45DD-B64E-FAAF134B069B}.Debug|x64.ActiveCfg = Debug|Any CPU
		{F1F3AA24-F8CB-45DD-B64E-FAAF134B069B}.Debug|x64.Build.0 = Debug|Any CPU
		{F1F3AA24-F8CB-45DD-B64E-FAAF134B069B}.Debug|x86.ActiveCfg = Debug|Any CPU
		{F1F3AA24-F8CB-45DD-B64E-FAAF134B069B}.Debug|x86.Build.0 = Debug|Any CPU
		{F1F3AA24-F8CB-45DD-B64E-FAAF134B069B}.Release|Any CPU.ActiveCfg = Release|Any CPU
		{F1F3AA24-F8CB-45DD-B64E-FAAF134B069B}.Release|Any CPU.Build.0 = Release|Any CPU
		{F1F3AA24-F8CB-45DD-B64E-FAAF134B069B}.Release|x64.ActiveCfg = Release|Any CPU
		{F1F3AA24-F8CB-45DD-B64E-FAAF134B069B}.Release|x64.Build.0 = Release|Any CPU
		{F1F3AA24-F8CB-45DD-B64E-FAAF134B069B}.Release|x86.ActiveCfg = Release|Any CPU
		{F1F3AA24-F8CB-45DD-B64E-FAAF134B069B}.Release|x86.Build.0 = Release|Any CPU
		{2A072A25-70B1-4A82-ABCE-A69A2ADE127F}.Debug|Any CPU.ActiveCfg = Debug|Any CPU
		{2A072A25-70B1-4A82-ABCE-A69A2ADE127F}.Debug|Any CPU.Build.0 = Debug|Any CPU
		{2A072A25-70B1-4A82-ABCE-A69A2ADE127F}.Debug|x64.ActiveCfg = Debug|Any CPU
		{2A072A25-70B1-4A82-ABCE-A69A2ADE127F}.Debug|x64.Build.0 = Debug|Any CPU
		{2A072A25-70B1-4A82-ABCE-A69A2ADE127F}.Debug|x86.ActiveCfg = Debug|Any CPU
		{2A072A25-70B1-4A82-ABCE-A69A2ADE127F}.Debug|x86.Build.0 = Debug|Any CPU
		{2A072A25-70B1-4A82-ABCE-A69A2ADE127F}.Release|Any CPU.ActiveCfg = Release|Any CPU
		{2A072A25-70B1-4A82-ABCE-A69A2ADE127F}.Release|Any CPU.Build.0 = Release|Any CPU
		{2A072A25-70B1-4A82-ABCE-A69A2ADE127F}.Release|x64.ActiveCfg = Release|Any CPU
		{2A072A25-70B1-4A82-ABCE-A69A2ADE127F}.Release|x64.Build.0 = Release|Any CPU
		{2A072A25-70B1-4A82-ABCE-A69A2ADE127F}.Release|x86.ActiveCfg = Release|Any CPU
		{2A072A25-70B1-4A82-ABCE-A69A2ADE127F}.Release|x86.Build.0 = Release|Any CPU
	EndGlobalSection
EndGlobal
